// !$*UTF8*$!
{
	archiveVersion = 1;
	classes = {
	};
	objectVersion = 56;
	objects = {

/* Begin PBXBuildFile section */
		59113B7B2918E73D0018396E /* TodoViewModel.swift in Sources */ = {isa = PBXBuildFile; fileRef = 59113B7A2918E73D0018396E /* TodoViewModel.swift */; };
		59113B842919F39D0018396E /* TodoListDataSource.swift in Sources */ = {isa = PBXBuildFile; fileRef = 59113B832919F39D0018396E /* TodoListDataSource.swift */; };
		59113B86291A0D5E0018396E /* CreateTodoViewModel.swift in Sources */ = {isa = PBXBuildFile; fileRef = 59113B85291A0D5E0018396E /* CreateTodoViewModel.swift */; };
		59113B88291A12730018396E /* TodoViewModelTest.swift in Sources */ = {isa = PBXBuildFile; fileRef = 59113B87291A12730018396E /* TodoViewModelTest.swift */; };
		598A7E5229150D2F008CCA6C /* screenshot in Resources */ = {isa = PBXBuildFile; fileRef = 598A7E5129150D2F008CCA6C /* screenshot */; };
		59BE45E42917F94D00FF338A /* StorageManager.swift in Sources */ = {isa = PBXBuildFile; fileRef = 59C2D4FA2916617F00BB67DA /* StorageManager.swift */; };
		59C2D4FE2916620900BB67DA /* CreateTodoViewController.swift in Sources */ = {isa = PBXBuildFile; fileRef = 59C2D4FD2916620900BB67DA /* CreateTodoViewController.swift */; };
		59C2D5002916628400BB67DA /* PersonalInfoViewController.swift in Sources */ = {isa = PBXBuildFile; fileRef = 59C2D4FF2916628400BB67DA /* PersonalInfoViewController.swift */; };
		59C608FF2912D62A0035DCC2 /* AppDelegate.swift in Sources */ = {isa = PBXBuildFile; fileRef = 59C608FE2912D62A0035DCC2 /* AppDelegate.swift */; };
		59C609012912D62A0035DCC2 /* SceneDelegate.swift in Sources */ = {isa = PBXBuildFile; fileRef = 59C609002912D62A0035DCC2 /* SceneDelegate.swift */; };
		59C609032912D62A0035DCC2 /* TodoViewController.swift in Sources */ = {isa = PBXBuildFile; fileRef = 59C609022912D62A0035DCC2 /* TodoViewController.swift */; };
		59C609062912D62B0035DCC2 /* Main.storyboard in Resources */ = {isa = PBXBuildFile; fileRef = 59C609042912D62B0035DCC2 /* Main.storyboard */; };
		59C609082912D62C0035DCC2 /* Assets.xcassets in Resources */ = {isa = PBXBuildFile; fileRef = 59C609072912D62C0035DCC2 /* Assets.xcassets */; };
		59C6090B2912D62C0035DCC2 /* LaunchScreen.storyboard in Resources */ = {isa = PBXBuildFile; fileRef = 59C609092912D62C0035DCC2 /* LaunchScreen.storyboard */; };
/* End PBXBuildFile section */

/* Begin PBXContainerItemProxy section */
		59C609122912D62D0035DCC2 /* PBXContainerItemProxy */ = {
			isa = PBXContainerItemProxy;
			containerPortal = 59C608F32912D62A0035DCC2 /* Project object */;
			proxyType = 1;
			remoteGlobalIDString = 59C608FA2912D62A0035DCC2;
			remoteInfo = "ios-pyq";
		};
/* End PBXContainerItemProxy section */

/* Begin PBXFileReference section */
		59113B7A2918E73D0018396E /* TodoViewModel.swift */ = {isa = PBXFileReference; lastKnownFileType = sourcecode.swift; path = TodoViewModel.swift; sourceTree = "<group>"; };
		59113B832919F39D0018396E /* TodoListDataSource.swift */ = {isa = PBXFileReference; lastKnownFileType = sourcecode.swift; path = TodoListDataSource.swift; sourceTree = "<group>"; };
		59113B85291A0D5E0018396E /* CreateTodoViewModel.swift */ = {isa = PBXFileReference; lastKnownFileType = sourcecode.swift; path = CreateTodoViewModel.swift; sourceTree = "<group>"; };
		59113B87291A12730018396E /* TodoViewModelTest.swift */ = {isa = PBXFileReference; lastKnownFileType = sourcecode.swift; path = TodoViewModelTest.swift; sourceTree = "<group>"; };
		598A7E5129150D2F008CCA6C /* screenshot */ = {isa = PBXFileReference; lastKnownFileType = folder; path = screenshot; sourceTree = "<group>"; };
		59C2D4FA2916617F00BB67DA /* StorageManager.swift */ = {isa = PBXFileReference; lastKnownFileType = sourcecode.swift; path = StorageManager.swift; sourceTree = "<group>"; };
		59C2D4FD2916620900BB67DA /* CreateTodoViewController.swift */ = {isa = PBXFileReference; lastKnownFileType = sourcecode.swift; path = CreateTodoViewController.swift; sourceTree = "<group>"; };
		59C2D4FF2916628400BB67DA /* PersonalInfoViewController.swift */ = {isa = PBXFileReference; lastKnownFileType = sourcecode.swift; path = PersonalInfoViewController.swift; sourceTree = "<group>"; };
		59C608FB2912D62A0035DCC2 /* ios-pyq.app */ = {isa = PBXFileReference; explicitFileType = wrapper.application; includeInIndex = 0; path = "ios-pyq.app"; sourceTree = BUILT_PRODUCTS_DIR; };
		59C608FE2912D62A0035DCC2 /* AppDelegate.swift */ = {isa = PBXFileReference; lastKnownFileType = sourcecode.swift; path = AppDelegate.swift; sourceTree = "<group>"; };
		59C609002912D62A0035DCC2 /* SceneDelegate.swift */ = {isa = PBXFileReference; lastKnownFileType = sourcecode.swift; path = SceneDelegate.swift; sourceTree = "<group>"; };
		59C609022912D62A0035DCC2 /* TodoViewController.swift */ = {isa = PBXFileReference; lastKnownFileType = sourcecode.swift; path = TodoViewController.swift; sourceTree = "<group>"; };
		59C609052912D62B0035DCC2 /* Base */ = {isa = PBXFileReference; lastKnownFileType = file.storyboard; name = Base; path = Base.lproj/Main.storyboard; sourceTree = "<group>"; };
		59C609072912D62C0035DCC2 /* Assets.xcassets */ = {isa = PBXFileReference; lastKnownFileType = folder.assetcatalog; path = Assets.xcassets; sourceTree = "<group>"; };
		59C6090A2912D62C0035DCC2 /* Base */ = {isa = PBXFileReference; lastKnownFileType = file.storyboard; name = Base; path = Base.lproj/LaunchScreen.storyboard; sourceTree = "<group>"; };
		59C6090C2912D62C0035DCC2 /* Info.plist */ = {isa = PBXFileReference; lastKnownFileType = text.plist.xml; path = Info.plist; sourceTree = "<group>"; };
		59C609112912D62D0035DCC2 /* ios-pyqTests.xctest */ = {isa = PBXFileReference; explicitFileType = wrapper.cfbundle; includeInIndex = 0; path = "ios-pyqTests.xctest"; sourceTree = BUILT_PRODUCTS_DIR; };
/* End PBXFileReference section */

/* Begin PBXFrameworksBuildPhase section */
		59C608F82912D62A0035DCC2 /* Frameworks */ = {
			isa = PBXFrameworksBuildPhase;
			buildActionMask = 2147483647;
			files = (
			);
			runOnlyForDeploymentPostprocessing = 0;
		};
		59C6090E2912D62D0035DCC2 /* Frameworks */ = {
			isa = PBXFrameworksBuildPhase;
			buildActionMask = 2147483647;
			files = (
			);
			runOnlyForDeploymentPostprocessing = 0;
		};
/* End PBXFrameworksBuildPhase section */

/* Begin PBXGroup section */
		59C2D4F329165F2500BB67DA /* ViewControllers */ = {
			isa = PBXGroup;
			children = (
				59C609022912D62A0035DCC2 /* TodoViewController.swift */,
				59C2D4FD2916620900BB67DA /* CreateTodoViewController.swift */,
				59C2D4FF2916628400BB67DA /* PersonalInfoViewController.swift */,
				59113B832919F39D0018396E /* TodoListDataSource.swift */,
				59C2D4FA2916617F00BB67DA /* StorageManager.swift */,
			);
			path = ViewControllers;
			sourceTree = "<group>";
		};
		59C2D4F62916610D00BB67DA /* Model */ = {
			isa = PBXGroup;
			children = (
			);
			path = Model;
			sourceTree = "<group>";
		};
		59C2D4F82916612C00BB67DA /* ViewModel */ = {
			isa = PBXGroup;
			children = (
				59113B7A2918E73D0018396E /* TodoViewModel.swift */,
				59113B85291A0D5E0018396E /* CreateTodoViewModel.swift */,
			);
			path = ViewModel;
			sourceTree = "<group>";
		};
		59C608F22912D62A0035DCC2 = {
			isa = PBXGroup;
			children = (
				598A7E5129150D2F008CCA6C /* screenshot */,
				59C608FD2912D62A0035DCC2 /* ios-pyq */,
				59C609142912D62D0035DCC2 /* ios-pyqTests */,
				59C608FC2912D62A0035DCC2 /* Products */,
			);
			sourceTree = "<group>";
		};
		59C608FC2912D62A0035DCC2 /* Products */ = {
			isa = PBXGroup;
			children = (
				59C608FB2912D62A0035DCC2 /* ios-pyq.app */,
				59C609112912D62D0035DCC2 /* ios-pyqTests.xctest */,
			);
			name = Products;
			sourceTree = "<group>";
		};
		59C608FD2912D62A0035DCC2 /* ios-pyq */ = {
			isa = PBXGroup;
			children = (
				59C2D4F62916610D00BB67DA /* Model */,
				59C2D4F82916612C00BB67DA /* ViewModel */,
				59C2D4F329165F2500BB67DA /* ViewControllers */,
				59C608FE2912D62A0035DCC2 /* AppDelegate.swift */,
				59C609002912D62A0035DCC2 /* SceneDelegate.swift */,
				59C609072912D62C0035DCC2 /* Assets.xcassets */,
				59C609092912D62C0035DCC2 /* LaunchScreen.storyboard */,
				59C609042912D62B0035DCC2 /* Main.storyboard */,
				59C6090C2912D62C0035DCC2 /* Info.plist */,
			);
			path = "ios-pyq";
			sourceTree = "<group>";
		};
		59C609142912D62D0035DCC2 /* ios-pyqTests */ = {
			isa = PBXGroup;
			children = (
				59113B87291A12730018396E /* TodoViewModelTest.swift */,
			);
			path = "ios-pyqTests";
			sourceTree = "<group>";
		};
/* End PBXGroup section */

/* Begin PBXNativeTarget section */
		59C608FA2912D62A0035DCC2 /* ios-pyq */ = {
			isa = PBXNativeTarget;
			buildConfigurationList = 59C609252912D62D0035DCC2 /* Build configuration list for PBXNativeTarget "ios-pyq" */;
			buildPhases = (
				59C608F72912D62A0035DCC2 /* Sources */,
				59C608F82912D62A0035DCC2 /* Frameworks */,
				59C608F92912D62A0035DCC2 /* Resources */,
			);
			buildRules = (
			);
			dependencies = (
			);
			name = "ios-pyq";
			productName = "ios-pyq";
			productReference = 59C608FB2912D62A0035DCC2 /* ios-pyq.app */;
			productType = "com.apple.product-type.application";
		};
		59C609102912D62D0035DCC2 /* ios-pyqTests */ = {
			isa = PBXNativeTarget;
			buildConfigurationList = 59C609282912D62D0035DCC2 /* Build configuration list for PBXNativeTarget "ios-pyqTests" */;
			buildPhases = (
				59C6090D2912D62D0035DCC2 /* Sources */,
				59C6090E2912D62D0035DCC2 /* Frameworks */,
				59C6090F2912D62D0035DCC2 /* Resources */,
			);
			buildRules = (
			);
			dependencies = (
				59C609132912D62D0035DCC2 /* PBXTargetDependency */,
			);
			name = "ios-pyqTests";
			productName = "ios-pyqTests";
			productReference = 59C609112912D62D0035DCC2 /* ios-pyqTests.xctest */;
			productType = "com.apple.product-type.bundle.unit-test";
		};
/* End PBXNativeTarget section */

/* Begin PBXProject section */
		59C608F32912D62A0035DCC2 /* Project object */ = {
			isa = PBXProject;
			attributes = {
				BuildIndependentTargetsInParallel = 1;
				LastSwiftUpdateCheck = 1400;
				LastUpgradeCheck = 1400;
				TargetAttributes = {
					59C608FA2912D62A0035DCC2 = {
						CreatedOnToolsVersion = 14.0.1;
					};
					59C609102912D62D0035DCC2 = {
						CreatedOnToolsVersion = 14.0.1;
						TestTargetID = 59C608FA2912D62A0035DCC2;
					};
				};
			};
			buildConfigurationList = 59C608F62912D62A0035DCC2 /* Build configuration list for PBXProject "ios-pyq" */;
			compatibilityVersion = "Xcode 14.0";
			developmentRegion = en;
			hasScannedForEncodings = 0;
			knownRegions = (
				en,
				Base,
			);
			mainGroup = 59C608F22912D62A0035DCC2;
			productRefGroup = 59C608FC2912D62A0035DCC2 /* Products */;
			projectDirPath = "";
			projectRoot = "";
			targets = (
				59C608FA2912D62A0035DCC2 /* ios-pyq */,
				59C609102912D62D0035DCC2 /* ios-pyqTests */,
			);
		};
/* End PBXProject section */

/* Begin PBXResourcesBuildPhase section */
		59C608F92912D62A0035DCC2 /* Resources */ = {
			isa = PBXResourcesBuildPhase;
			buildActionMask = 2147483647;
			files = (
				598A7E5229150D2F008CCA6C /* screenshot in Resources */,
				59C6090B2912D62C0035DCC2 /* LaunchScreen.storyboard in Resources */,
				59C609082912D62C0035DCC2 /* Assets.xcassets in Resources */,
				59C609062912D62B0035DCC2 /* Main.storyboard in Resources */,
			);
			runOnlyForDeploymentPostprocessing = 0;
		};
		59C6090F2912D62D0035DCC2 /* Resources */ = {
			isa = PBXResourcesBuildPhase;
			buildActionMask = 2147483647;
			files = (
			);
			runOnlyForDeploymentPostprocessing = 0;
		};
/* End PBXResourcesBuildPhase section */

/* Begin PBXSourcesBuildPhase section */
		59C608F72912D62A0035DCC2 /* Sources */ = {
			isa = PBXSourcesBuildPhase;
			buildActionMask = 2147483647;
			files = (
				59113B86291A0D5E0018396E /* CreateTodoViewModel.swift in Sources */,
				59C609032912D62A0035DCC2 /* TodoViewController.swift in Sources */,
				59C2D4FE2916620900BB67DA /* CreateTodoViewController.swift in Sources */,
				59113B7B2918E73D0018396E /* TodoViewModel.swift in Sources */,
				59C2D5002916628400BB67DA /* PersonalInfoViewController.swift in Sources */,
				59BE45E42917F94D00FF338A /* StorageManager.swift in Sources */,
				59C608FF2912D62A0035DCC2 /* AppDelegate.swift in Sources */,
				59C609012912D62A0035DCC2 /* SceneDelegate.swift in Sources */,
				59113B842919F39D0018396E /* TodoListDataSource.swift in Sources */,
			);
			runOnlyForDeploymentPostprocessing = 0;
		};
		59C6090D2912D62D0035DCC2 /* Sources */ = {
			isa = PBXSourcesBuildPhase;
			buildActionMask = 2147483647;
			files = (
				59113B88291A12730018396E /* TodoViewModelTest.swift in Sources */,
			);
			runOnlyForDeploymentPostprocessing = 0;
		};
/* End PBXSourcesBuildPhase section */

/* Begin PBXTargetDependency section */
		59C609132912D62D0035DCC2 /* PBXTargetDependency */ = {
			isa = PBXTargetDependency;
			target = 59C608FA2912D62A0035DCC2 /* ios-pyq */;
			targetProxy = 59C609122912D62D0035DCC2 /* PBXContainerItemProxy */;
		};
/* End PBXTargetDependency section */

/* Begin PBXVariantGroup section */
		59C609042912D62B0035DCC2 /* Main.storyboard */ = {
			isa = PBXVariantGroup;
			children = (
				59C609052912D62B0035DCC2 /* Base */,
			);
			name = Main.storyboard;
			sourceTree = "<group>";
		};
		59C609092912D62C0035DCC2 /* LaunchScreen.storyboard */ = {
			isa = PBXVariantGroup;
			children = (
				59C6090A2912D62C0035DCC2 /* Base */,
			);
			name = LaunchScreen.storyboard;
			sourceTree = "<group>";
		};
/* End PBXVariantGroup section */

/* Begin XCBuildConfiguration section */
		59C609232912D62D0035DCC2 /* Debug */ = {
			isa = XCBuildConfiguration;
			buildSettings = {
				ALWAYS_SEARCH_USER_PATHS = NO;
				CLANG_ANALYZER_NONNULL = YES;
				CLANG_ANALYZER_NUMBER_OBJECT_CONVERSION = YES_AGGRESSIVE;
				CLANG_CXX_LANGUAGE_STANDARD = "gnu++20";
				CLANG_ENABLE_MODULES = YES;
				CLANG_ENABLE_OBJC_ARC = YES;
				CLANG_ENABLE_OBJC_WEAK = YES;
				CLANG_WARN_BLOCK_CAPTURE_AUTORELEASING = YES;
				CLANG_WARN_BOOL_CONVERSION = YES;
				CLANG_WARN_COMMA = YES;
				CLANG_WARN_CONSTANT_CONVERSION = YES;
				CLANG_WARN_DEPRECATED_OBJC_IMPLEMENTATIONS = YES;
				CLANG_WARN_DIRECT_OBJC_ISA_USAGE = YES_ERROR;
				CLANG_WARN_DOCUMENTATION_COMMENTS = YES;
				CLANG_WARN_EMPTY_BODY = YES;
				CLANG_WARN_ENUM_CONVERSION = YES;
				CLANG_WARN_INFINITE_RECURSION = YES;
				CLANG_WARN_INT_CONVERSION = YES;
				CLANG_WARN_NON_LITERAL_NULL_CONVERSION = YES;
				CLANG_WARN_OBJC_IMPLICIT_RETAIN_SELF = YES;
				CLANG_WARN_OBJC_LITERAL_CONVERSION = YES;
				CLANG_WARN_OBJC_ROOT_CLASS = YES_ERROR;
				CLANG_WARN_QUOTED_INCLUDE_IN_FRAMEWORK_HEADER = YES;
				CLANG_WARN_RANGE_LOOP_ANALYSIS = YES;
				CLANG_WARN_STRICT_PROTOTYPES = YES;
				CLANG_WARN_SUSPICIOUS_MOVE = YES;
				CLANG_WARN_UNGUARDED_AVAILABILITY = YES_AGGRESSIVE;
				CLANG_WARN_UNREACHABLE_CODE = YES;
				CLANG_WARN__DUPLICATE_METHOD_MATCH = YES;
				COPY_PHASE_STRIP = NO;
				DEBUG_INFORMATION_FORMAT = dwarf;
				ENABLE_STRICT_OBJC_MSGSEND = YES;
				ENABLE_TESTABILITY = YES;
				GCC_C_LANGUAGE_STANDARD = gnu11;
				GCC_DYNAMIC_NO_PIC = NO;
				GCC_NO_COMMON_BLOCKS = YES;
				GCC_OPTIMIZATION_LEVEL = 0;
				GCC_PREPROCESSOR_DEFINITIONS = (
					"DEBUG=1",
					"$(inherited)",
				);
				GCC_WARN_64_TO_32_BIT_CONVERSION = YES;
				GCC_WARN_ABOUT_RETURN_TYPE = YES_ERROR;
				GCC_WARN_UNDECLARED_SELECTOR = YES;
				GCC_WARN_UNINITIALIZED_AUTOS = YES_AGGRESSIVE;
				GCC_WARN_UNUSED_FUNCTION = YES;
				GCC_WARN_UNUSED_VARIABLE = YES;
				IPHONEOS_DEPLOYMENT_TARGET = 16.0;
				MTL_ENABLE_DEBUG_INFO = INCLUDE_SOURCE;
				MTL_FAST_MATH = YES;
				ONLY_ACTIVE_ARCH = YES;
				SDKROOT = iphoneos;
				SWIFT_ACTIVE_COMPILATION_CONDITIONS = DEBUG;
				SWIFT_OPTIMIZATION_LEVEL = "-Onone";
			};
			name = Debug;
		};
		59C609242912D62D0035DCC2 /* Release */ = {
			isa = XCBuildConfiguration;
			buildSettings = {
				ALWAYS_SEARCH_USER_PATHS = NO;
				CLANG_ANALYZER_NONNULL = YES;
				CLANG_ANALYZER_NUMBER_OBJECT_CONVERSION = YES_AGGRESSIVE;
				CLANG_CXX_LANGUAGE_STANDARD = "gnu++20";
				CLANG_ENABLE_MODULES = YES;
				CLANG_ENABLE_OBJC_ARC = YES;
				CLANG_ENABLE_OBJC_WEAK = YES;
				CLANG_WARN_BLOCK_CAPTURE_AUTORELEASING = YES;
				CLANG_WARN_BOOL_CONVERSION = YES;
				CLANG_WARN_COMMA = YES;
				CLANG_WARN_CONSTANT_CONVERSION = YES;
				CLANG_WARN_DEPRECATED_OBJC_IMPLEMENTATIONS = YES;
				CLANG_WARN_DIRECT_OBJC_ISA_USAGE = YES_ERROR;
				CLANG_WARN_DOCUMENTATION_COMMENTS = YES;
				CLANG_WARN_EMPTY_BODY = YES;
				CLANG_WARN_ENUM_CONVERSION = YES;
				CLANG_WARN_INFINITE_RECURSION = YES;
				CLANG_WARN_INT_CONVERSION = YES;
				CLANG_WARN_NON_LITERAL_NULL_CONVERSION = YES;
				CLANG_WARN_OBJC_IMPLICIT_RETAIN_SELF = YES;
				CLANG_WARN_OBJC_LITERAL_CONVERSION = YES;
				CLANG_WARN_OBJC_ROOT_CLASS = YES_ERROR;
				CLANG_WARN_QUOTED_INCLUDE_IN_FRAMEWORK_HEADER = YES;
				CLANG_WARN_RANGE_LOOP_ANALYSIS = YES;
				CLANG_WARN_STRICT_PROTOTYPES = YES;
				CLANG_WARN_SUSPICIOUS_MOVE = YES;
				CLANG_WARN_UNGUARDED_AVAILABILITY = YES_AGGRESSIVE;
				CLANG_WARN_UNREACHABLE_CODE = YES;
				CLANG_WARN__DUPLICATE_METHOD_MATCH = YES;
				COPY_PHASE_STRIP = NO;
				DEBUG_INFORMATION_FORMAT = "dwarf-with-dsym";
				ENABLE_NS_ASSERTIONS = NO;
				ENABLE_STRICT_OBJC_MSGSEND = YES;
				GCC_C_LANGUAGE_STANDARD = gnu11;
				GCC_NO_COMMON_BLOCKS = YES;
				GCC_WARN_64_TO_32_BIT_CONVERSION = YES;
				GCC_WARN_ABOUT_RETURN_TYPE = YES_ERROR;
				GCC_WARN_UNDECLARED_SELECTOR = YES;
				GCC_WARN_UNINITIALIZED_AUTOS = YES_AGGRESSIVE;
				GCC_WARN_UNUSED_FUNCTION = YES;
				GCC_WARN_UNUSED_VARIABLE = YES;
				IPHONEOS_DEPLOYMENT_TARGET = 16.0;
				MTL_ENABLE_DEBUG_INFO = NO;
				MTL_FAST_MATH = YES;
				SDKROOT = iphoneos;
				SWIFT_COMPILATION_MODE = wholemodule;
				SWIFT_OPTIMIZATION_LEVEL = "-O";
				VALIDATE_PRODUCT = YES;
			};
			name = Release;
		};
		59C609262912D62D0035DCC2 /* Debug */ = {
			isa = XCBuildConfiguration;
			buildSettings = {
				ASSETCATALOG_COMPILER_APPICON_NAME = AppIcon;
				ASSETCATALOG_COMPILER_GLOBAL_ACCENT_COLOR_NAME = AccentColor;
				CODE_SIGN_STYLE = Automatic;
				CURRENT_PROJECT_VERSION = 1;
				GENERATE_INFOPLIST_FILE = YES;
				INFOPLIST_FILE = "ios-pyq/Info.plist";
				INFOPLIST_KEY_UIApplicationSupportsIndirectInputEvents = YES;
				INFOPLIST_KEY_UILaunchStoryboardName = LaunchScreen;
				INFOPLIST_KEY_UIMainStoryboardFile = Main;
				INFOPLIST_KEY_UISupportedInterfaceOrientations_iPad = "UIInterfaceOrientationPortrait UIInterfaceOrientationPortraitUpsideDown UIInterfaceOrientationLandscapeLeft UIInterfaceOrientationLandscapeRight";
				INFOPLIST_KEY_UISupportedInterfaceOrientations_iPhone = "UIInterfaceOrientationPortrait UIInterfaceOrientationLandscapeLeft UIInterfaceOrientationLandscapeRight";
				LD_RUNPATH_SEARCH_PATHS = (
					"$(inherited)",
					"@executable_path/Frameworks",
				);
				MARKETING_VERSION = 1.0;
				PRODUCT_BUNDLE_IDENTIFIER = "com.tw.www.ios-pyq";
				PRODUCT_NAME = "$(TARGET_NAME)";
				SWIFT_EMIT_LOC_STRINGS = YES;
				SWIFT_VERSION = 5.0;
				TARGETED_DEVICE_FAMILY = "1,2";
			};
			name = Debug;
		};
		59C609272912D62D0035DCC2 /* Release */ = {
			isa = XCBuildConfiguration;
			buildSettings = {
				ASSETCATALOG_COMPILER_APPICON_NAME = AppIcon;
				ASSETCATALOG_COMPILER_GLOBAL_ACCENT_COLOR_NAME = AccentColor;
				CODE_SIGN_STYLE = Automatic;
				CURRENT_PROJECT_VERSION = 1;
				GENERATE_INFOPLIST_FILE = YES;
				INFOPLIST_FILE = "ios-pyq/Info.plist";
				INFOPLIST_KEY_UIApplicationSupportsIndirectInputEvents = YES;
				INFOPLIST_KEY_UILaunchStoryboardName = LaunchScreen;
				INFOPLIST_KEY_UIMainStoryboardFile = Main;
				INFOPLIST_KEY_UISupportedInterfaceOrientations_iPad = "UIInterfaceOrientationPortrait UIInterfaceOrientationPortraitUpsideDown UIInterfaceOrientationLandscapeLeft UIInterfaceOrientationLandscapeRight";
				INFOPLIST_KEY_UISupportedInterfaceOrientations_iPhone = "UIInterfaceOrientationPortrait UIInterfaceOrientationLandscapeLeft UIInterfaceOrientationLandscapeRight";
				LD_RUNPATH_SEARCH_PATHS = (
					"$(inherited)",
					"@executable_path/Frameworks",
				);
				MARKETING_VERSION = 1.0;
				PRODUCT_BUNDLE_IDENTIFIER = "com.tw.www.ios-pyq";
				PRODUCT_NAME = "$(TARGET_NAME)";
				SWIFT_EMIT_LOC_STRINGS = YES;
				SWIFT_VERSION = 5.0;
				TARGETED_DEVICE_FAMILY = "1,2";
			};
			name = Release;
		};
		59C609292912D62D0035DCC2 /* Debug */ = {
			isa = XCBuildConfiguration;
			buildSettings = {
				ALWAYS_EMBED_SWIFT_STANDARD_LIBRARIES = YES;
				BUNDLE_LOADER = "$(TEST_HOST)";
				CODE_SIGN_STYLE = Automatic;
				CURRENT_PROJECT_VERSION = 1;
				GENERATE_INFOPLIST_FILE = YES;
				IPHONEOS_DEPLOYMENT_TARGET = 16.0;
				MARKETING_VERSION = 1.0;
				PRODUCT_BUNDLE_IDENTIFIER = "com.tw.www.ios-pyqTests";
				PRODUCT_NAME = "$(TARGET_NAME)";
				SWIFT_EMIT_LOC_STRINGS = NO;
				SWIFT_VERSION = 5.0;
				TARGETED_DEVICE_FAMILY = "1,2";
				TEST_HOST = "$(BUILT_PRODUCTS_DIR)/ios-pyq.app/$(BUNDLE_EXECUTABLE_FOLDER_PATH)/ios-pyq";
			};
			name = Debug;
		};
		59C6092A2912D62D0035DCC2 /* Release */ = {
			isa = XCBuildConfiguration;
			buildSettings = {
				ALWAYS_EMBED_SWIFT_STANDARD_LIBRARIES = YES;
				BUNDLE_LOADER = "$(TEST_HOST)";
				CODE_SIGN_STYLE = Automatic;
				CURRENT_PROJECT_VERSION = 1;
				GENERATE_INFOPLIST_FILE = YES;
				IPHONEOS_DEPLOYMENT_TARGET = 16.0;
				MARKETING_VERSION = 1.0;
				PRODUCT_BUNDLE_IDENTIFIER = "com.tw.www.ios-pyqTests";
				PRODUCT_NAME = "$(TARGET_NAME)";
				SWIFT_EMIT_LOC_STRINGS = NO;
				SWIFT_VERSION = 5.0;
				TARGETED_DEVICE_FAMILY = "1,2";
				TEST_HOST = "$(BUILT_PRODUCTS_DIR)/ios-pyq.app/$(BUNDLE_EXECUTABLE_FOLDER_PATH)/ios-pyq";
			};
			name = Release;
		};
/* End XCBuildConfiguration section */

/* Begin XCConfigurationList section */
		59C608F62912D62A0035DCC2 /* Build configuration list for PBXProject "ios-pyq" */ = {
			isa = XCConfigurationList;
			buildConfigurations = (
				59C609232912D62D0035DCC2 /* Debug */,
				59C609242912D62D0035DCC2 /* Release */,
			);
			defaultConfigurationIsVisible = 0;
			defaultConfigurationName = Release;
		};
		59C609252912D62D0035DCC2 /* Build configuration list for PBXNativeTarget "ios-pyq" */ = {
			isa = XCConfigurationList;
			buildConfigurations = (
				59C609262912D62D0035DCC2 /* Debug */,
				59C609272912D62D0035DCC2 /* Release */,
			);
			defaultConfigurationIsVisible = 0;
			defaultConfigurationName = Release;
		};
		59C609282912D62D0035DCC2 /* Build configuration list for PBXNativeTarget "ios-pyqTests" */ = {
			isa = XCConfigurationList;
			buildConfigurations = (
				59C609292912D62D0035DCC2 /* Debug */,
				59C6092A2912D62D0035DCC2 /* Release */,
			);
			defaultConfigurationIsVisible = 0;
			defaultConfigurationName = Release;
		};
/* End XCConfigurationList section */
	};
	rootObject = 59C608F32912D62A0035DCC2 /* Project object */;
}
